
Microsoft Visual Studio Solution File, Format Version 12.00
# Visual Studio 15
Project("{FAE04EC0-301F-11D3-BF4B-00C04F79EFBC}") = "BubbleSortTutorial", "BubbleSortTutorial\BubbleSortTutorial.csproj", "{0DF89CDC-194B-4E41-B8D0-14A125856A3D}"
EndProject
Global
	GlobalSection(SolutionConfigurationPlatforms) = preSolution
		Debug|anycpu = Debug|anycpu
		Release|anycpu = Release|anycpu
	EndGlobalSection
	GlobalSection(ProjectConfigurationPlatforms) = postSolution
		{0DF89CDC-194B-4E41-B8D0-14A125856A3D}.Debug|anycpu.ActiveCfg = Debug|anycpu
		{0DF89CDC-194B-4E41-B8D0-14A125856A3D}.Debug|anycpu.Build.0 = Debug|anycpu
		{0DF89CDC-194B-4E41-B8D0-14A125856A3D}.Release|anycpu.ActiveCfg = Release|anycpu
		{0DF89CDC-194B-4E41-B8D0-14A125856A3D}.Release|anycpu.Build.0 = Release|anycpu
	EndGlobalSection
EndGlobal
