
Microsoft Visual Studio Solution File, Format Version 12.00
# Visual Studio 15
Project("{FAE04EC0-301F-11D3-BF4B-00C04F79EFBC}") = "FunctionsExercise", "FunctionsExercise\FunctionsExercise.csproj", "{D2CC4F79-4730-4F65-9101-AAEBA3869AD9}"
EndProject
Global
	GlobalSection(SolutionConfigurationPlatforms) = preSolution
		Debug|Any CPU = Debug|Any CPU
		Release|Any CPU = Release|Any CPU
	EndGlobalSection
	GlobalSection(ProjectConfigurationPlatforms) = postSolution
		{D2CC4F79-4730-4F65-9101-AAEBA3869AD9}.Debug|Any CPU.ActiveCfg = Debug|Any CPU
		{D2CC4F79-4730-4F65-9101-AAEBA3869AD9}.Debug|Any CPU.Build.0 = Debug|Any CPU
		{D2CC4F79-4730-4F65-9101-AAEBA3869AD9}.Release|Any CPU.ActiveCfg = Release|Any CPU
		{D2CC4F79-4730-4F65-9101-AAEBA3869AD9}.Release|Any CPU.Build.0 = Release|Any CPU
	EndGlobalSection
EndGlobal
