
Microsoft Visual Studio Solution File, Format Version 12.00
# Visual Studio 15
Project("{FAE04EC0-301F-11D3-BF4B-00C04F79EFBC}") = "TypeConversionTutorial", "TypeConversionTutorial\TypeConversionTutorial.csproj", "{835E8257-7CA1-46D4-93A3-DEBDCA4CB81B}"
EndProject
Global
	GlobalSection(SolutionConfigurationPlatforms) = preSolution
		Debug|anycpu = Debug|anycpu
		Release|anycpu = Release|anycpu
	EndGlobalSection
	GlobalSection(ProjectConfigurationPlatforms) = postSolution
		{835E8257-7CA1-46D4-93A3-DEBDCA4CB81B}.Debug|anycpu.ActiveCfg = Debug|anycpu
		{835E8257-7CA1-46D4-93A3-DEBDCA4CB81B}.Debug|anycpu.Build.0 = Debug|anycpu
		{835E8257-7CA1-46D4-93A3-DEBDCA4CB81B}.Release|anycpu.ActiveCfg = Release|anycpu
		{835E8257-7CA1-46D4-93A3-DEBDCA4CB81B}.Release|anycpu.Build.0 = Release|anycpu
	EndGlobalSection
EndGlobal
